// !$*UTF8*$!
{
	archiveVersion = 1;
	classes = {
	};
	objectVersion = 46;
	objects = {

/* Begin PBXBuildFile section */
		1E5598BD1B26B6F900C1433B /* main.m in Sources */ = {isa = PBXBuildFile; fileRef = 1E5598BC1B26B6F900C1433B /* main.m */; };
		1E5598C01B26B6F900C1433B /* AppDelegate.m in Sources */ = {isa = PBXBuildFile; fileRef = 1E5598BF1B26B6F900C1433B /* AppDelegate.m */; };
		1E5598C31B26B6F900C1433B /* ViewController.m in Sources */ = {isa = PBXBuildFile; fileRef = 1E5598C21B26B6F900C1433B /* ViewController.m */; };
		1E5598C61B26B6F900C1433B /* Main.storyboard in Resources */ = {isa = PBXBuildFile; fileRef = 1E5598C41B26B6F900C1433B /* Main.storyboard */; };
		1E5598C81B26B6F900C1433B /* Images.xcassets in Resources */ = {isa = PBXBuildFile; fileRef = 1E5598C71B26B6F900C1433B /* Images.xcassets */; };
		1E5598CB1B26B6F900C1433B /* LaunchScreen.xib in Resources */ = {isa = PBXBuildFile; fileRef = 1E5598C91B26B6F900C1433B /* LaunchScreen.xib */; };
		1E5598D71B26B6F900C1433B /* firstProjectTests.m in Sources */ = {isa = PBXBuildFile; fileRef = 1E5598D61B26B6F900C1433B /* firstProjectTests.m */; };
/* End PBXBuildFile section */

/* Begin PBXContainerItemProxy section */
		1E5598D11B26B6F900C1433B /* PBXContainerItemProxy */ = {
			isa = PBXContainerItemProxy;
			containerPortal = 1E5598AF1B26B6F900C1433B /* Project object */;
			proxyType = 1;
			remoteGlobalIDString = 1E5598B61B26B6F900C1433B;
			remoteInfo = firstProject;
		};
/* End PBXContainerItemProxy section */

/* Begin PBXFileReference section */
		1E5598B71B26B6F900C1433B /* firstProject.app */ = {isa = PBXFileReference; explicitFileType = wrapper.application; includeInIndex = 0; path = firstProject.app; sourceTree = BUILT_PRODUCTS_DIR; };
		1E5598BB1B26B6F900C1433B /* Info.plist */ = {isa = PBXFileReference; lastKnownFileType = text.plist.xml; path = Info.plist; sourceTree = "<group>"; };
		1E5598BC1B26B6F900C1433B /* main.m */ = {isa = PBXFileReference; lastKnownFileType = sourcecode.c.objc; path = main.m; sourceTree = "<group>"; };
		1E5598BE1B26B6F900C1433B /* AppDelegate.h */ = {isa = PBXFileReference; lastKnownFileType = sourcecode.c.h; path = AppDelegate.h; sourceTree = "<group>"; };
		1E5598BF1B26B6F900C1433B /* AppDelegate.m */ = {isa = PBXFileReference; lastKnownFileType = sourcecode.c.objc; path = AppDelegate.m; sourceTree = "<group>"; };
		1E5598C11B26B6F900C1433B /* ViewController.h */ = {isa = PBXFileReference; lastKnownFileType = sourcecode.c.h; path = ViewController.h; sourceTree = "<group>"; };
		1E5598C21B26B6F900C1433B /* ViewController.m */ = {isa = PBXFileReference; lastKnownFileType = sourcecode.c.objc; path = ViewController.m; sourceTree = "<group>"; };
		1E5598C51B26B6F900C1433B /* Base */ = {isa = PBXFileReference; lastKnownFileType = file.storyboard; name = Base; path = Base.lproj/Main.storyboard; sourceTree = "<group>"; };
		1E5598C71B26B6F900C1433B /* Images.xcassets */ = {isa = PBXFileReference; lastKnownFileType = folder.assetcatalog; path = Images.xcassets; sourceTree = "<group>"; };
		1E5598CA1B26B6F900C1433B /* Base */ = {isa = PBXFileReference; lastKnownFileType = file.xib; name = Base; path = Base.lproj/LaunchScreen.xib; sourceTree = "<group>"; };
		1E5598D01B26B6F900C1433B /* firstProjectTests.xctest */ = {isa = PBXFileReference; explicitFileType = wrapper.cfbundle; includeInIndex = 0; path = firstProjectTests.xctest; sourceTree = BUILT_PRODUCTS_DIR; };
		1E5598D51B26B6F900C1433B /* Info.plist */ = {isa = PBXFileReference; lastKnownFileType = text.plist.xml; path = Info.plist; sourceTree = "<group>"; };
		1E5598D61B26B6F900C1433B /* firstProjectTests.m */ = {isa = PBXFileReference; lastKnownFileType = sourcecode.c.objc; path = firstProjectTests.m; sourceTree = "<group>"; };
/* End PBXFileReference section */

/* Begin PBXFrameworksBuildPhase section */
		1E5598B41B26B6F900C1433B /* Frameworks */ = {
			isa = PBXFrameworksBuildPhase;
			buildActionMask = 2147483647;
			files = (
			);
			runOnlyForDeploymentPostprocessing = 0;
		};
		1E5598CD1B26B6F900C1433B /* Frameworks */ = {
			isa = PBXFrameworksBuildPhase;
			buildActionMask = 2147483647;
			files = (
			);
			runOnlyForDeploymentPostprocessing = 0;
		};
/* End PBXFrameworksBuildPhase section */

/* Begin PBXGroup section */
		1E5598AE1B26B6F900C1433B = {
			isa = PBXGroup;
			children = (
				1E5598B91B26B6F900C1433B /* firstProject */,
				1E5598D31B26B6F900C1433B /* firstProjectTests */,
				1E5598B81B26B6F900C1433B /* Products */,
			);
			sourceTree = "<group>";
		};
		1E5598B81B26B6F900C1433B /* Products */ = {
			isa = PBXGroup;
			children = (
				1E5598B71B26B6F900C1433B /* firstProject.app */,
				1E5598D01B26B6F900C1433B /* firstProjectTests.xctest */,
			);
			name = Products;
			sourceTree = "<group>";
		};
		1E5598B91B26B6F900C1433B /* firstProject */ = {
			isa = PBXGroup;
			children = (
				1E5598BE1B26B6F900C1433B /* AppDelegate.h */,
				1E5598BF1B26B6F900C1433B /* AppDelegate.m */,
				1E5598C11B26B6F900C1433B /* ViewController.h */,
				1E5598C21B26B6F900C1433B /* ViewController.m */,
				1E5598C41B26B6F900C1433B /* Main.storyboard */,
				1E5598C71B26B6F900C1433B /* Images.xcassets */,
				1E5598C91B26B6F900C1433B /* LaunchScreen.xib */,
				1E5598BA1B26B6F900C1433B /* Supporting Files */,
			);
			path = firstProject;
			sourceTree = "<group>";
		};
		1E5598BA1B26B6F900C1433B /* Supporting Files */ = {
			isa = PBXGroup;
			children = (
				1E5598BB1B26B6F900C1433B /* Info.plist */,
				1E5598BC1B26B6F900C1433B /* main.m */,
			);
			name = "Supporting Files";
			sourceTree = "<group>";
		};
		1E5598D31B26B6F900C1433B /* firstProjectTests */ = {
			isa = PBXGroup;
			children = (
				1E5598D61B26B6F900C1433B /* firstProjectTests.m */,
				1E5598D41B26B6F900C1433B /* Supporting Files */,
			);
			path = firstProjectTests;
			sourceTree = "<group>";
		};
		1E5598D41B26B6F900C1433B /* Supporting Files */ = {
			isa = PBXGroup;
			children = (
				1E5598D51B26B6F900C1433B /* Info.plist */,
			);
			name = "Supporting Files";
			sourceTree = "<group>";
		};
/* End PBXGroup section */

/* Begin PBXNativeTarget section */
		1E5598B61B26B6F900C1433B /* firstProject */ = {
			isa = PBXNativeTarget;
			buildConfigurationList = 1E5598DA1B26B6F900C1433B /* Build configuration list for PBXNativeTarget "firstProject" */;
			buildPhases = (
				1E5598B31B26B6F900C1433B /* Sources */,
				1E5598B41B26B6F900C1433B /* Frameworks */,
				1E5598B51B26B6F900C1433B /* Resources */,
			);
			buildRules = (
			);
			dependencies = (
			);
			name = firstProject;
			productName = firstProject;
			productReference = 1E5598B71B26B6F900C1433B /* firstProject.app */;
			productType = "com.apple.product-type.application";
		};
		1E5598CF1B26B6F900C1433B /* firstProjectTests */ = {
			isa = PBXNativeTarget;
			buildConfigurationList = 1E5598DD1B26B6F900C1433B /* Build configuration list for PBXNativeTarget "firstProjectTests" */;
			buildPhases = (
				1E5598CC1B26B6F900C1433B /* Sources */,
				1E5598CD1B26B6F900C1433B /* Frameworks */,
				1E5598CE1B26B6F900C1433B /* Resources */,
			);
			buildRules = (
			);
			dependencies = (
				1E5598D21B26B6F900C1433B /* PBXTargetDependency */,
			);
			name = firstProjectTests;
			productName = firstProjectTests;
			productReference = 1E5598D01B26B6F900C1433B /* firstProjectTests.xctest */;
			productType = "com.apple.product-type.bundle.unit-test";
		};
/* End PBXNativeTarget section */

/* Begin PBXProject section */
		1E5598AF1B26B6F900C1433B /* Project object */ = {
			isa = PBXProject;
			attributes = {
				LastUpgradeCheck = 0630;
				ORGANIZATIONNAME = "马付文";
				TargetAttributes = {
					1E5598B61B26B6F900C1433B = {
						CreatedOnToolsVersion = 6.3.2;
					};
					1E5598CF1B26B6F900C1433B = {
						CreatedOnToolsVersion = 6.3.2;
						TestTargetID = 1E5598B61B26B6F900C1433B;
					};
				};
			};
			buildConfigurationList = 1E5598B21B26B6F900C1433B /* Build configuration list for PBXProject "firstProject" */;
			compatibilityVersion = "Xcode 3.2";
			developmentRegion = English;
			hasScannedForEncodings = 0;
			knownRegions = (
				en,
				Base,
			);
			mainGroup = 1E5598AE1B26B6F900C1433B;
			productRefGroup = 1E5598B81B26B6F900C1433B /* Products */;
			projectDirPath = "";
			projectRoot = "";
			targets = (
				1E5598B61B26B6F900C1433B /* firstProject */,
				1E5598CF1B26B6F900C1433B /* firstProjectTests */,
			);
		};
/* End PBXProject section */

/* Begin PBXResourcesBuildPhase section */
		1E5598B51B26B6F900C1433B /* Resources */ = {
			isa = PBXResourcesBuildPhase;
			buildActionMask = 2147483647;
			files = (
				1E5598C61B26B6F900C1433B /* Main.storyboard in Resources */,
				1E5598CB1B26B6F900C1433B /* LaunchScreen.xib in Resources */,
				1E5598C81B26B6F900C1433B /* Images.xcassets in Resources */,
			);
			runOnlyForDeploymentPostprocessing = 0;
		};
		1E5598CE1B26B6F900C1433B /* Resources */ = {
			isa = PBXResourcesBuildPhase;
			buildActionMask = 2147483647;
			files = (
			);
			runOnlyForDeploymentPostprocessing = 0;
		};
/* End PBXResourcesBuildPhase section */

/* Begin PBXSourcesBuildPhase section */
		1E5598B31B26B6F900C1433B /* Sources */ = {
			isa = PBXSourcesBuildPhase;
			buildActionMask = 2147483647;
			files = (
				1E5598C31B26B6F900C1433B /* ViewController.m in Sources */,
				1E5598C01B26B6F900C1433B /* AppDelegate.m in Sources */,
				1E5598BD1B26B6F900C1433B /* main.m in Sources */,
			);
			runOnlyForDeploymentPostprocessing = 0;
		};
		1E5598CC1B26B6F900C1433B /* Sources */ = {
			isa = PBXSourcesBuildPhase;
			buildActionMask = 2147483647;
			files = (
				1E5598D71B26B6F900C1433B /* firstProjectTests.m in Sources */,
			);
			runOnlyForDeploymentPostprocessing = 0;
		};
/* End PBXSourcesBuildPhase section */

/* Begin PBXTargetDependency section */
		1E5598D21B26B6F900C1433B /* PBXTargetDependency */ = {
			isa = PBXTargetDependency;
			target = 1E5598B61B26B6F900C1433B /* firstProject */;
			targetProxy = 1E5598D11B26B6F900C1433B /* PBXContainerItemProxy */;
		};
/* End PBXTargetDependency section */

/* Begin PBXVariantGroup section */
		1E5598C41B26B6F900C1433B /* Main.storyboard */ = {
			isa = PBXVariantGroup;
			children = (
				1E5598C51B26B6F900C1433B /* Base */,
			);
			name = Main.storyboard;
			sourceTree = "<group>";
		};
		1E5598C91B26B6F900C1433B /* LaunchScreen.xib */ = {
			isa = PBXVariantGroup;
			children = (
				1E5598CA1B26B6F900C1433B /* Base */,
			);
			name = LaunchScreen.xib;
			sourceTree = "<group>";
		};
/* End PBXVariantGroup section */

/* Begin XCBuildConfiguration section */
		1E5598D81B26B6F900C1433B /* Debug */ = {
			isa = XCBuildConfiguration;
			buildSettings = {
				ALWAYS_SEARCH_USER_PATHS = NO;
				CLANG_CXX_LANGUAGE_STANDARD = "gnu++0x";
				CLANG_CXX_LIBRARY = "libc++";
				CLANG_ENABLE_MODULES = YES;
				CLANG_ENABLE_OBJC_ARC = YES;
				CLANG_WARN_BOOL_CONVERSION = YES;
				CLANG_WARN_CONSTANT_CONVERSION = YES;
				CLANG_WARN_DIRECT_OBJC_ISA_USAGE = YES_ERROR;
				CLANG_WARN_EMPTY_BODY = YES;
				CLANG_WARN_ENUM_CONVERSION = YES;
				CLANG_WARN_INT_CONVERSION = YES;
				CLANG_WARN_OBJC_ROOT_CLASS = YES_ERROR;
				CLANG_WARN_UNREACHABLE_CODE = YES;
				CLANG_WARN__DUPLICATE_METHOD_MATCH = YES;
				"CODE_SIGN_IDENTITY[sdk=iphoneos*]" = "iPhone Developer";
				COPY_PHASE_STRIP = NO;
				DEBUG_INFORMATION_FORMAT = "dwarf-with-dsym";
				ENABLE_STRICT_OBJC_MSGSEND = YES;
				GCC_C_LANGUAGE_STANDARD = gnu99;
				GCC_DYNAMIC_NO_PIC = NO;
				GCC_NO_COMMON_BLOCKS = YES;
				GCC_OPTIMIZATION_LEVEL = 0;
				GCC_PREPROCESSOR_DEFINITIONS = (
					"DEBUG=1",
					"$(inherited)",
				);
				GCC_SYMBOLS_PRIVATE_EXTERN = NO;
				GCC_WARN_64_TO_32_BIT_CONVERSION = YES;
				GCC_WARN_ABOUT_RETURN_TYPE = YES_ERROR;
				GCC_WARN_UNDECLARED_SELECTOR = YES;
				GCC_WARN_UNINITIALIZED_AUTOS = YES_AGGRESSIVE;
				GCC_WARN_UNUSED_FUNCTION = YES;
				GCC_WARN_UNUSED_VARIABLE = YES;
				IPHONEOS_DEPLOYMENT_TARGET = 8.3;
				MTL_ENABLE_DEBUG_INFO = YES;
				ONLY_ACTIVE_ARCH = YES;
				SDKROOT = iphoneos;
			};
			name = Debug;
		};
		1E5598D91B26B6F900C1433B /* Release */ = {
			isa = XCBuildConfiguration;
			buildSettings = {
				ALWAYS_SEARCH_USER_PATHS = NO;
				CLANG_CXX_LANGUAGE_STANDARD = "gnu++0x";
				CLANG_CXX_LIBRARY = "libc++";
				CLANG_ENABLE_MODULES = YES;
				CLANG_ENABLE_OBJC_ARC = YES;
				CLANG_WARN_BOOL_CONVERSION = YES;
				CLANG_WARN_CONSTANT_CONVERSION = YES;
				CLANG_WARN_DIRECT_OBJC_ISA_USAGE = YES_ERROR;
				CLANG_WARN_EMPTY_BODY = YES;
				CLANG_WARN_ENUM_CONVERSION = YES;
				CLANG_WARN_INT_CONVERSION = YES;
				CLANG_WARN_OBJC_ROOT_CLASS = YES_ERROR;
				CLANG_WARN_UNREACHABLE_CODE = YES;
				CLANG_WARN__DUPLICATE_METHOD_MATCH = YES;
				"CODE_SIGN_IDENTITY[sdk=iphoneos*]" = "iPhone Developer";
				COPY_PHASE_STRIP = NO;
				DEBUG_INFORMATION_FORMAT = "dwarf-with-dsym";
				ENABLE_NS_ASSERTIONS = NO;
				ENABLE_STRICT_OBJC_MSGSEND = YES;
				GCC_C_LANGUAGE_STANDARD = gnu99;
				GCC_NO_COMMON_BLOCKS = YES;
				GCC_WARN_64_TO_32_BIT_CONVERSION = YES;
				GCC_WARN_ABOUT_RETURN_TYPE = YES_ERROR;
				GCC_WARN_UNDECLARED_SELECTOR = YES;
				GCC_WARN_UNINITIALIZED_AUTOS = YES_AGGRESSIVE;
				GCC_WARN_UNUSED_FUNCTION = YES;
				GCC_WARN_UNUSED_VARIABLE = YES;
				IPHONEOS_DEPLOYMENT_TARGET = 8.3;
				MTL_ENABLE_DEBUG_INFO = NO;
				SDKROOT = iphoneos;
				VALIDATE_PRODUCT = YES;
			};
			name = Release;
		};
		1E5598DB1B26B6F900C1433B /* Debug */ = {
			isa = XCBuildConfiguration;
			buildSettings = {
				ASSETCATALOG_COMPILER_APPICON_NAME = AppIcon;
				INFOPLIST_FILE = firstProject/Info.plist;
				LD_RUNPATH_SEARCH_PATHS = "$(inherited) @executable_path/Frameworks";
				PRODUCT_NAME = "$(TARGET_NAME)";
			};
			name = Debug;
		};
		1E5598DC1B26B6F900C1433B /* Release */ = {
			isa = XCBuildConfiguration;
			buildSettings = {
				ASSETCATALOG_COMPILER_APPICON_NAME = AppIcon;
				INFOPLIST_FILE = firstProject/Info.plist;
				LD_RUNPATH_SEARCH_PATHS = "$(inherited) @executable_path/Frameworks";
				PRODUCT_NAME = "$(TARGET_NAME)";
			};
			name = Release;
		};
		1E5598DE1B26B6F900C1433B /* Debug */ = {
			isa = XCBuildConfiguration;
			buildSettings = {
				BUNDLE_LOADER = "$(TEST_HOST)";
				FRAMEWORK_SEARCH_PATHS = (
					"$(SDKROOT)/Developer/Library/Frameworks",
					"$(inherited)",
				);
				GCC_PREPROCESSOR_DEFINITIONS = (
					"DEBUG=1",
					"$(inherited)",
				);
				INFOPLIST_FILE = firstProjectTests/Info.plist;
				LD_RUNPATH_SEARCH_PATHS = "$(inherited) @executable_path/Frameworks @loader_path/Frameworks";
				PRODUCT_NAME = "$(TARGET_NAME)";
				TEST_HOST = "$(BUILT_PRODUCTS_DIR)/firstProject.app/firstProject";
			};
			name = Debug;
		};
		1E5598DF1B26B6F900C1433B /* Release */ = {
			isa = XCBuildConfiguration;
			buildSettings = {
				BUNDLE_LOADER = "$(TEST_HOST)";
				FRAMEWORK_SEARCH_PATHS = (
					"$(SDKROOT)/Developer/Library/Frameworks",
					"$(inherited)",
				);
				INFOPLIST_FILE = firstProjectTests/Info.plist;
				LD_RUNPATH_SEARCH_PATHS = "$(inherited) @executable_path/Frameworks @loader_path/Frameworks";
				PRODUCT_NAME = "$(TARGET_NAME)";
				TEST_HOST = "$(BUILT_PRODUCTS_DIR)/firstProject.app/firstProject";
			};
			name = Release;
		};
/* End XCBuildConfiguration section */

/* Begin XCConfigurationList section */
		1E5598B21B26B6F900C1433B /* Build configuration list for PBXProject "firstProject" */ = {
			isa = XCConfigurationList;
			buildConfigurations = (
				1E5598D81B26B6F900C1433B /* Debug */,
				1E5598D91B26B6F900C1433B /* Release */,
			);
			defaultConfigurationIsVisible = 0;
			defaultConfigurationName = Release;
		};
		1E5598DA1B26B6F900C1433B /* Build configuration list for PBXNativeTarget "firstProject" */ = {
			isa = XCConfigurationList;
			buildConfigurations = (
				1E5598DB1B26B6F900C1433B /* Debug */,
				1E5598DC1B26B6F900C1433B /* Release */,
			);
			defaultConfigurationIsVisible = 0;
		};
		1E5598DD1B26B6F900C1433B /* Build configuration list for PBXNativeTarget "firstProjectTests" */ = {
			isa = XCConfigurationList;
			buildConfigurations = (
				1E5598DE1B26B6F900C1433B /* Debug */,
				1E5598DF1B26B6F900C1433B /* Release */,
			);
			defaultConfigurationIsVisible = 0;
		};
/* End XCConfigurationList section */
	};
	rootObject = 1E5598AF1B26B6F900C1433B /* Project object */;
}
